
Microsoft Visual Studio Solution File, Format Version 12.00
# Visual Studio Version 16
VisualStudioVersion = 16.0.29613.14
MinimumVisualStudioVersion = 10.0.40219.1
Project("{FAE04EC0-301F-11D3-BF4B-00C04F79EFBC}") = "RemindMe", "RemindMe\RemindMe.csproj", "{85E0DDD1-5798-496E-8508-D8B34A81C784}"
EndProject
Global
	GlobalSection(SolutionConfigurationPlatforms) = preSolution
		Debug|Any CPU = Debug|Any CPU
		Release|Any CPU = Release|Any CPU
	EndGlobalSection
	GlobalSection(ProjectConfigurationPlatforms) = postSolution
		{85E0DDD1-5798-496E-8508-D8B34A81C784}.Debug|Any CPU.ActiveCfg = Debug|Any CPU
		{85E0DDD1-5798-496E-8508-D8B34A81C784}.Debug|Any CPU.Build.0 = Debug|Any CPU
		{85E0DDD1-5798-496E-8508-D8B34A81C784}.Release|Any CPU.ActiveCfg = Release|Any CPU
		{85E0DDD1-5798-496E-8508-D8B34A81C784}.Release|Any CPU.Build.0 = Release|Any CPU
	EndGlobalSection
	GlobalSection(SolutionProperties) = preSolution
		HideSolutionNode = FALSE
	EndGlobalSection
	GlobalSection(ExtensibilityGlobals) = postSolution
		SolutionGuid = {0E50D777-4AF8-468A-B21B-0376FA74EDBB}
	EndGlobalSection
EndGlobal
